
Microsoft Visual Studio Solution File, Format Version 12.00
# Visual Studio Version 16
VisualStudioVersion = 16.0.32407.337
MinimumVisualStudioVersion = 10.0.40219.1
Project("{FAE04EC0-301F-11D3-BF4B-00C04F79EFBC}") = "HyggeAPP", "HyggeAPP\HyggeAPP.csproj", "{EEE60CE4-B2BE-434F-8FF3-B3E5FAFE4C14}"
EndProject
Project("{FAE04EC0-301F-11D3-BF4B-00C04F79EFBC}") = "HyggeAPP.Android", "HyggeAPP.Android\HyggeAPP.Android.csproj", "{B8577553-F5F9-45A1-8B21-C8154357AE04}"
EndProject
Project("{FAE04EC0-301F-11D3-BF4B-00C04F79EFBC}") = "HyggeAPP.iOS", "HyggeAPP.iOS\HyggeAPP.iOS.csproj", "{416E5CF3-71AF-40C8-93AA-5FE03A3E06E7}"
EndProject
Global
	GlobalSection(SolutionConfigurationPlatforms) = preSolution
		Ad-Hoc|Any CPU = Ad-Hoc|Any CPU
		Ad-Hoc|iPhone = Ad-Hoc|iPhone
		Ad-Hoc|iPhoneSimulator = Ad-Hoc|iPhoneSimulator
		AppStore|Any CPU = AppStore|Any CPU
		AppStore|iPhone = AppStore|iPhone
		AppStore|iPhoneSimulator = AppStore|iPhoneSimulator
		Debug|Any CPU = Debug|Any CPU
		Debug|iPhone = Debug|iPhone
		Debug|iPhoneSimulator = Debug|iPhoneSimulator
		Release|Any CPU = Release|Any CPU
		Release|iPhone = Release|iPhone
		Release|iPhoneSimulator = Release|iPhoneSimulator
	EndGlobalSection
	GlobalSection(ProjectConfigurationPlatforms) = postSolution
		{EEE60CE4-B2BE-434F-8FF3-B3E5FAFE4C14}.Ad-Hoc|Any CPU.ActiveCfg = Debug|Any CPU
		{EEE60CE4-B2BE-434F-8FF3-B3E5FAFE4C14}.Ad-Hoc|Any CPU.Build.0 = Debug|Any CPU
		{EEE60CE4-B2BE-434F-8FF3-B3E5FAFE4C14}.Ad-Hoc|iPhone.ActiveCfg = Debug|Any CPU
		{EEE60CE4-B2BE-434F-8FF3-B3E5FAFE4C14}.Ad-Hoc|iPhone.Build.0 = Debug|Any CPU
		{EEE60CE4-B2BE-434F-8FF3-B3E5FAFE4C14}.Ad-Hoc|iPhoneSimulator.ActiveCfg = Debug|Any CPU
		{EEE60CE4-B2BE-434F-8FF3-B3E5FAFE4C14}.Ad-Hoc|iPhoneSimulator.Build.0 = Debug|Any CPU
		{EEE60CE4-B2BE-434F-8FF3-B3E5FAFE4C14}.AppStore|Any CPU.ActiveCfg = Debug|Any CPU
		{EEE60CE4-B2BE-434F-8FF3-B3E5FAFE4C14}.AppStore|Any CPU.Build.0 = Debug|Any CPU
		{EEE60CE4-B2BE-434F-8FF3-B3E5FAFE4C14}.AppStore|iPhone.ActiveCfg = Debug|Any CPU
		{EEE60CE4-B2BE-434F-8FF3-B3E5FAFE4C14}.AppStore|iPhone.Build.0 = Debug|Any CPU
		{EEE60CE4-B2BE-434F-8FF3-B3E5FAFE4C14}.AppStore|iPhoneSimulator.ActiveCfg = Debug|Any CPU
		{EEE60CE4-B2BE-434F-8FF3-B3E5FAFE4C14}.AppStore|iPhoneSimulator.Build.0 = Debug|Any CPU
		{EEE60CE4-B2BE-434F-8FF3-B3E5FAFE4C14}.Debug|Any CPU.ActiveCfg = Debug|Any CPU
		{EEE60CE4-B2BE-434F-8FF3-B3E5FAFE4C14}.Debug|Any CPU.Build.0 = Debug|Any CPU
		{EEE60CE4-B2BE-434F-8FF3-B3E5FAFE4C14}.Debug|iPhone.ActiveCfg = Debug|Any CPU
		{EEE60CE4-B2BE-434F-8FF3-B3E5FAFE4C14}.Debug|iPhone.Build.0 = Debug|Any CPU
		{EEE60CE4-B2BE-434F-8FF3-B3E5FAFE4C14}.Debug|iPhoneSimulator.ActiveCfg = Debug|Any CPU
		{EEE60CE4-B2BE-434F-8FF3-B3E5FAFE4C14}.Debug|iPhoneSimulator.Build.0 = Debug|Any CPU
		{EEE60CE4-B2BE-434F-8FF3-B3E5FAFE4C14}.Release|Any CPU.ActiveCfg = Release|Any CPU
		{EEE60CE4-B2BE-434F-8FF3-B3E5FAFE4C14}.Release|Any CPU.Build.0 = Release|Any CPU
		{EEE60CE4-B2BE-434F-8FF3-B3E5FAFE4C14}.Release|iPhone.ActiveCfg = Release|Any CPU
		{EEE60CE4-B2BE-434F-8FF3-B3E5FAFE4C14}.Release|iPhone.Build.0 = Release|Any CPU
		{EEE60CE4-B2BE-434F-8FF3-B3E5FAFE4C14}.Release|iPhoneSimulator.ActiveCfg = Release|Any CPU
		{EEE60CE4-B2BE-434F-8FF3-B3E5FAFE4C14}.Release|iPhoneSimulator.Build.0 = Release|Any CPU
		{B8577553-F5F9-45A1-8B21-C8154357AE04}.Ad-Hoc|Any CPU.ActiveCfg = Debug|Any CPU
		{B8577553-F5F9-45A1-8B21-C8154357AE04}.Ad-Hoc|Any CPU.Build.0 = Debug|Any CPU
		{B8577553-F5F9-45A1-8B21-C8154357AE04}.Ad-Hoc|Any CPU.Deploy.0 = Debug|Any CPU
		{B8577553-F5F9-45A1-8B21-C8154357AE04}.Ad-Hoc|iPhone.ActiveCfg = Debug|Any CPU
		{B8577553-F5F9-45A1-8B21-C8154357AE04}.Ad-Hoc|iPhone.Build.0 = Debug|Any CPU
		{B8577553-F5F9-45A1-8B21-C8154357AE04}.Ad-Hoc|iPhone.Deploy.0 = Debug|Any CPU
		{B8577553-F5F9-45A1-8B21-C8154357AE04}.Ad-Hoc|iPhoneSimulator.ActiveCfg = Debug|Any CPU
		{B8577553-F5F9-45A1-8B21-C8154357AE04}.Ad-Hoc|iPhoneSimulator.Build.0 = Debug|Any CPU
		{B8577553-F5F9-45A1-8B21-C8154357AE04}.Ad-Hoc|iPhoneSimulator.Deploy.0 = Debug|Any CPU
		{B8577553-F5F9-45A1-8B21-C8154357AE04}.AppStore|Any CPU.ActiveCfg = Debug|Any CPU
		{B8577553-F5F9-45A1-8B21-C8154357AE04}.AppStore|Any CPU.Build.0 = Debug|Any CPU
		{B8577553-F5F9-45A1-8B21-C8154357AE04}.AppStore|Any CPU.Deploy.0 = Debug|Any CPU
		{B8577553-F5F9-45A1-8B21-C8154357AE04}.AppStore|iPhone.ActiveCfg = Debug|Any CPU
		{B8577553-F5F9-45A1-8B21-C8154357AE04}.AppStore|iPhone.Build.0 = Debug|Any CPU
		{B8577553-F5F9-45A1-8B21-C8154357AE04}.AppStore|iPhone.Deploy.0 = Debug|Any CPU
		{B8577553-F5F9-45A1-8B21-C8154357AE04}.AppStore|iPhoneSimulator.ActiveCfg = Debug|Any CPU
		{B8577553-F5F9-45A1-8B21-C8154357AE04}.AppStore|iPhoneSimulator.Build.0 = Debug|Any CPU
		{B8577553-F5F9-45A1-8B21-C8154357AE04}.AppStore|iPhoneSimulator.Deploy.0 = Debug|Any CPU
		{B8577553-F5F9-45A1-8B21-C8154357AE04}.Debug|Any CPU.ActiveCfg = Debug|Any CPU
		{B8577553-F5F9-45A1-8B21-C8154357AE04}.Debug|Any CPU.Build.0 = Debug|Any CPU
		{B8577553-F5F9-45A1-8B21-C8154357AE04}.Debug|Any CPU.Deploy.0 = Debug|Any CPU
		{B8577553-F5F9-45A1-8B21-C8154357AE04}.Debug|iPhone.ActiveCfg = Debug|Any CPU
		{B8577553-F5F9-45A1-8B21-C8154357AE04}.Debug|iPhone.Build.0 = Debug|Any CPU
		{B8577553-F5F9-45A1-8B21-C8154357AE04}.Debug|iPhone.Deploy.0 = Debug|Any CPU
		{B8577553-F5F9-45A1-8B21-C8154357AE04}.Debug|iPhoneSimulator.ActiveCfg = Debug|Any CPU
		{B8577553-F5F9-45A1-8B21-C8154357AE04}.Debug|iPhoneSimulator.Build.0 = Debug|Any CPU
		{B8577553-F5F9-45A1-8B21-C8154357AE04}.Debug|iPhoneSimulator.Deploy.0 = Debug|Any CPU
		{B8577553-F5F9-45A1-8B21-C8154357AE04}.Release|Any CPU.ActiveCfg = Release|Any CPU
		{B8577553-F5F9-45A1-8B21-C8154357AE04}.Release|Any CPU.Build.0 = Release|Any CPU
		{B8577553-F5F9-45A1-8B21-C8154357AE04}.Release|Any CPU.Deploy.0 = Release|Any CPU
		{B8577553-F5F9-45A1-8B21-C8154357AE04}.Release|iPhone.ActiveCfg = Release|Any CPU
		{B8577553-F5F9-45A1-8B21-C8154357AE04}.Release|iPhone.Build.0 = Release|Any CPU
		{B8577553-F5F9-45A1-8B21-C8154357AE04}.Release|iPhone.Deploy.0 = Release|Any CPU
		{B8577553-F5F9-45A1-8B21-C8154357AE04}.Release|iPhoneSimulator.ActiveCfg = Release|Any CPU
		{B8577553-F5F9-45A1-8B21-C8154357AE04}.Release|iPhoneSimulator.Build.0 = Release|Any CPU
		{B8577553-F5F9-45A1-8B21-C8154357AE04}.Release|iPhoneSimulator.Deploy.0 = Release|Any CPU
		{416E5CF3-71AF-40C8-93AA-5FE03A3E06E7}.Ad-Hoc|Any CPU.ActiveCfg = Ad-Hoc|iPhoneSimulator
		{416E5CF3-71AF-40C8-93AA-5FE03A3E06E7}.Ad-Hoc|iPhone.ActiveCfg = Ad-Hoc|iPhone
		{416E5CF3-71AF-40C8-93AA-5FE03A3E06E7}.Ad-Hoc|iPhone.Build.0 = Ad-Hoc|iPhone
		{416E5CF3-71AF-40C8-93AA-5FE03A3E06E7}.Ad-Hoc|iPhoneSimulator.ActiveCfg = Ad-Hoc|iPhoneSimulator
		{416E5CF3-71AF-40C8-93AA-5FE03A3E06E7}.Ad-Hoc|iPhoneSimulator.Build.0 = Ad-Hoc|iPhoneSimulator
		{416E5CF3-71AF-40C8-93AA-5FE03A3E06E7}.AppStore|Any CPU.ActiveCfg = AppStore|iPhoneSimulator
		{416E5CF3-71AF-40C8-93AA-5FE03A3E06E7}.AppStore|iPhone.ActiveCfg = AppStore|iPhone
		{416E5CF3-71AF-40C8-93AA-5FE03A3E06E7}.AppStore|iPhone.Build.0 = AppStore|iPhone
		{416E5CF3-71AF-40C8-93AA-5FE03A3E06E7}.AppStore|iPhoneSimulator.ActiveCfg = AppStore|iPhoneSimulator
		{416E5CF3-71AF-40C8-93AA-5FE03A3E06E7}.AppStore|iPhoneSimulator.Build.0 = AppStore|iPhoneSimulator
		{416E5CF3-71AF-40C8-93AA-5FE03A3E06E7}.Debug|Any CPU.ActiveCfg = Debug|iPhoneSimulator
		{416E5CF3-71AF-40C8-93AA-5FE03A3E06E7}.Debug|iPhone.ActiveCfg = Debug|iPhone
		{416E5CF3-71AF-40C8-93AA-5FE03A3E06E7}.Debug|iPhone.Build.0 = Debug|iPhone
		{416E5CF3-71AF-40C8-93AA-5FE03A3E06E7}.Debug|iPhoneSimulator.ActiveCfg = Debug|iPhoneSimulator
		{416E5CF3-71AF-40C8-93AA-5FE03A3E06E7}.Debug|iPhoneSimulator.Build.0 = Debug|iPhoneSimulator
		{416E5CF3-71AF-40C8-93AA-5FE03A3E06E7}.Release|Any CPU.ActiveCfg = Release|iPhoneSimulator
		{416E5CF3-71AF-40C8-93AA-5FE03A3E06E7}.Release|iPhone.ActiveCfg = Release|iPhone
		{416E5CF3-71AF-40C8-93AA-5FE03A3E06E7}.Release|iPhone.Build.0 = Release|iPhone
		{416E5CF3-71AF-40C8-93AA-5FE03A3E06E7}.Release|iPhoneSimulator.ActiveCfg = Release|iPhoneSimulator
		{416E5CF3-71AF-40C8-93AA-5FE03A3E06E7}.Release|iPhoneSimulator.Build.0 = Release|iPhoneSimulator
	EndGlobalSection
	GlobalSection(SolutionProperties) = preSolution
		HideSolutionNode = FALSE
	EndGlobalSection
	GlobalSection(ExtensibilityGlobals) = postSolution
		SolutionGuid = {C65405A6-185C-4166-9840-32ADF5882CFF}
	EndGlobalSection
EndGlobal
